<?xml version="1.0" encoding="utf-8"?>
<Project ToolsVersion="4.0" xmlns="http://schemas.microsoft.com/developer/msbuild/2003">
  <ItemGroup>
    <Filter Include="win32">
      <UniqueIdentifier>{84a8ebd7-7cf0-47f6-b75e-d441df67da40}</UniqueIdentifier>
    </Filter>
    <Filter Include="resource">
      <UniqueIdentifier>{715254bc-d70b-4ec5-bf29-467dd3ace079}</UniqueIdentifier>
    </Filter>
    <Filter Include="src">
      <UniqueIdentifier>{bb6c862e-70e9-49d9-81b7-3829a6f50471}</UniqueIdentifier>
    </Filter>
    <Filter Include="src\Scenes">
      <UniqueIdentifier>{5aa541f3-0bec-47ab-8af5-e6039cb9944e}</UniqueIdentifier>
    </Filter>
    <Filter Include="src\GameObjects">
      <UniqueIdentifier>{ea072e2b-cc12-4134-b5f7-ecb960248482}</UniqueIdentifier>
    </Filter>
    <Filter Include="src\GameObjects\Ghosts">
      <UniqueIdentifier>{7721e156-5579-4a17-af8f-2e8cd5a280e5}</UniqueIdentifier>
    </Filter>
    <Filter Include="src\GameObjects\PacMan">
      <UniqueIdentifier>{dd6c240d-cce2-4a43-8cfc-e3044ce27277}</UniqueIdentifier>
    </Filter>
    <Filter Include="src\GameObjects\PacMan\States">
      <UniqueIdentifier>{6aec3b01-62d5-4c0f-92e3-2e3a2ad211c0}</UniqueIdentifier>
    </Filter>
    <Filter Include="src\Tiles">
      <UniqueIdentifier>{c0b63c3e-90f1-4690-bfde-02c995f35b0e}</UniqueIdentifier>
    </Filter>
    <Filter Include="src\Other">
      <UniqueIdentifier>{901c3b7e-4721-4381-b753-2d3b7c14f7b8}</UniqueIdentifier>
    </Filter>
  </ItemGroup>
  <ItemGroup>
    <ClCompile Include="main.cpp">
      <Filter>win32</Filter>
    </ClCompile>
    <ClCompile Include="..\Classes\AppDelegate.cpp">
      <Filter>src</Filter>
    </ClCompile>
    <ClCompile Include="..\Classes\MainMenuScene.cpp">
      <Filter>src\Scenes</Filter>
    </ClCompile>
    <ClCompile Include="..\Classes\SplashScene.cpp">
      <Filter>src\Scenes</Filter>
    </ClCompile>
    <ClCompile Include="..\Classes\GameScene.cpp">
      <Filter>src\Scenes</Filter>
    </ClCompile>
    <ClCompile Include="..\Classes\PacMan.cpp">
      <Filter>src\GameObjects\PacMan</Filter>
    </ClCompile>
    <ClCompile Include="..\Classes\GameObjects.cpp">
      <Filter>src\GameObjects</Filter>
    </ClCompile>
    <ClCompile Include="..\Classes\Ghosts.cpp">
      <Filter>src\GameObjects\Ghosts</Filter>
    </ClCompile>
    <ClCompile Include="..\Classes\Animation.cpp">
      <Filter>src\Other</Filter>
    </ClCompile>
    <ClCompile Include="..\Classes\PacdotTile.cpp">
      <Filter>src\Tiles</Filter>
    </ClCompile>
    <ClCompile Include="..\Classes\WallTile.cpp">
      <Filter>src\Tiles</Filter>
    </ClCompile>
    <ClCompile Include="..\Classes\BaseTile.cpp">
      <Filter>src\Tiles</Filter>
    </ClCompile>
    <ClCompile Include="..\Classes\InputHandler.cpp">
      <Filter>src\Other</Filter>
    </ClCompile>
  </ItemGroup>
  <ItemGroup>
    <ClInclude Include="main.h">
      <Filter>win32</Filter>
    </ClInclude>
    <ClInclude Include="..\Classes\AppDelegate.h">
      <Filter>src</Filter>
    </ClInclude>
    <ClInclude Include="..\Classes\MainMenuScene.h">
      <Filter>src\Scenes</Filter>
    </ClInclude>
    <ClInclude Include="..\Classes\SplashScene.h">
      <Filter>src\Scenes</Filter>
    </ClInclude>
    <ClInclude Include="..\Classes\GameScene.h">
      <Filter>src\Scenes</Filter>
    </ClInclude>
    <ClInclude Include="..\Classes\PacMan.h">
      <Filter>src\GameObjects\PacMan</Filter>
    </ClInclude>
    <ClInclude Include="..\Classes\GameObjects.h">
      <Filter>src\GameObjects</Filter>
    </ClInclude>
    <ClInclude Include="..\Classes\Ghosts.h">
      <Filter>src\GameObjects\Ghosts</Filter>
    </ClInclude>
    <ClInclude Include="..\Classes\Animation.h">
      <Filter>src\Other</Filter>
    </ClInclude>
    <ClInclude Include="..\Classes\PacdotTile.h">
      <Filter>src\Tiles</Filter>
    </ClInclude>
    <ClInclude Include="..\Classes\WallTile.h">
      <Filter>src\Tiles</Filter>
    </ClInclude>
    <ClInclude Include="..\Classes\BaseTile.h">
      <Filter>src\Tiles</Filter>
    </ClInclude>
    <ClInclude Include="..\Classes\InputHandler.h">
      <Filter>src\Other</Filter>
    </ClInclude>
  </ItemGroup>
  <ItemGroup>
    <ResourceCompile Include="game.rc">
      <Filter>resource</Filter>
    </ResourceCompile>
  </ItemGroup>
</Project>